
Microsoft Visual Studio Solution File, Format Version 12.00
# Visual Studio Version 17
VisualStudioVersion = 17.9.34728.123
MinimumVisualStudioVersion = 10.0.40219.1
Project("{9A19103F-16F7-4668-BE54-9A1E7A4F7556}") = "PCMS.API", "PCMS.API\PCMS.API.csproj", "{D4AC7FB9-BF8A-4057-9955-BDF6FB929A7B}"
EndProject
Project("{54A90642-561A-4BB1-A94E-469ADEE60C69}") = "PCMS.Frontend", "PCMS.Frontend\PCMS.Frontend.esproj", "{4AB3D43A-59FF-4F67-8311-83B671AB850D}"
EndProject
Global
	GlobalSection(SolutionConfigurationPlatforms) = preSolution
		Debug|Any CPU = Debug|Any CPU
		Release|Any CPU = Release|Any CPU
	EndGlobalSection
	GlobalSection(ProjectConfigurationPlatforms) = postSolution
		{D4AC7FB9-BF8A-4057-9955-BDF6FB929A7B}.Debug|Any CPU.ActiveCfg = Debug|Any CPU
		{D4AC7FB9-BF8A-4057-9955-BDF6FB929A7B}.Debug|Any CPU.Build.0 = Debug|Any CPU
		{D4AC7FB9-BF8A-4057-9955-BDF6FB929A7B}.Release|Any CPU.ActiveCfg = Release|Any CPU
		{D4AC7FB9-BF8A-4057-9955-BDF6FB929A7B}.Release|Any CPU.Build.0 = Release|Any CPU
		{4AB3D43A-59FF-4F67-8311-83B671AB850D}.Debug|Any CPU.ActiveCfg = Debug|Any CPU
		{4AB3D43A-59FF-4F67-8311-83B671AB850D}.Debug|Any CPU.Build.0 = Debug|Any CPU
		{4AB3D43A-59FF-4F67-8311-83B671AB850D}.Debug|Any CPU.Deploy.0 = Debug|Any CPU
		{4AB3D43A-59FF-4F67-8311-83B671AB850D}.Release|Any CPU.ActiveCfg = Release|Any CPU
		{4AB3D43A-59FF-4F67-8311-83B671AB850D}.Release|Any CPU.Build.0 = Release|Any CPU
		{4AB3D43A-59FF-4F67-8311-83B671AB850D}.Release|Any CPU.Deploy.0 = Release|Any CPU
	EndGlobalSection
	GlobalSection(SolutionProperties) = preSolution
		HideSolutionNode = FALSE
	EndGlobalSection
	GlobalSection(ExtensibilityGlobals) = postSolution
		SolutionGuid = {B1AF7123-E657-4854-A1AD-00E2EC3602B9}
	EndGlobalSection
EndGlobal
